
Microsoft Visual Studio Solution File, Format Version 12.00
# Visual Studio 15
VisualStudioVersion = 15.0.27428.2043
MinimumVisualStudioVersion = 10.0.40219.1
Project("{FAE04EC0-301F-11D3-BF4B-00C04F79EFBC}") = "ReverseNumber", "ReverseNumber\ReverseNumber.csproj", "{21C7D9E4-4407-4232-B470-E7CA9151CE12}"
EndProject
Global
	GlobalSection(SolutionConfigurationPlatforms) = preSolution
		Debug|Any CPU = Debug|Any CPU
		Release|Any CPU = Release|Any CPU
	EndGlobalSection
	GlobalSection(ProjectConfigurationPlatforms) = postSolution
		{21C7D9E4-4407-4232-B470-E7CA9151CE12}.Debug|Any CPU.ActiveCfg = Debug|Any CPU
		{21C7D9E4-4407-4232-B470-E7CA9151CE12}.Debug|Any CPU.Build.0 = Debug|Any CPU
		{21C7D9E4-4407-4232-B470-E7CA9151CE12}.Release|Any CPU.ActiveCfg = Release|Any CPU
		{21C7D9E4-4407-4232-B470-E7CA9151CE12}.Release|Any CPU.Build.0 = Release|Any CPU
	EndGlobalSection
	GlobalSection(SolutionProperties) = preSolution
		HideSolutionNode = FALSE
	EndGlobalSection
	GlobalSection(ExtensibilityGlobals) = postSolution
		SolutionGuid = {6DAA1877-9023-4AA6-9966-D4DE29CBBB93}
	EndGlobalSection
EndGlobal
